
Microsoft Visual Studio Solution File, Format Version 12.00
# Visual Studio Version 17
VisualStudioVersion = 17.3.32901.215
MinimumVisualStudioVersion = 10.0.40219.1
Project("{FAE04EC0-301F-11D3-BF4B-00C04F79EFBC}") = "Conditions, Loops", "Conditions, Loops\Conditions, Loops.csproj", "{43A55378-04E1-4DE0-AA16-5ABAEF3C6E05}"
EndProject
Global
	GlobalSection(SolutionConfigurationPlatforms) = preSolution
		Debug|Any CPU = Debug|Any CPU
		Release|Any CPU = Release|Any CPU
	EndGlobalSection
	GlobalSection(ProjectConfigurationPlatforms) = postSolution
		{43A55378-04E1-4DE0-AA16-5ABAEF3C6E05}.Debug|Any CPU.ActiveCfg = Debug|Any CPU
		{43A55378-04E1-4DE0-AA16-5ABAEF3C6E05}.Debug|Any CPU.Build.0 = Debug|Any CPU
		{43A55378-04E1-4DE0-AA16-5ABAEF3C6E05}.Release|Any CPU.ActiveCfg = Release|Any CPU
		{43A55378-04E1-4DE0-AA16-5ABAEF3C6E05}.Release|Any CPU.Build.0 = Release|Any CPU
	EndGlobalSection
	GlobalSection(SolutionProperties) = preSolution
		HideSolutionNode = FALSE
	EndGlobalSection
	GlobalSection(ExtensibilityGlobals) = postSolution
		SolutionGuid = {0EB6B825-8A2B-49F1-B786-B3BBBB264292}
	EndGlobalSection
EndGlobal
